
Microsoft Visual Studio Solution File, Format Version 12.00
# Visual Studio Version 17
VisualStudioVersion = 17.7.34031.279
MinimumVisualStudioVersion = 10.0.40219.1
Project("{FAE04EC0-301F-11D3-BF4B-00C04F79EFBC}") = "TestDocker_T1", "TestDocker_T1.csproj", "{2AC7A39B-FDA3-458F-B62D-12486DA78EE0}"
EndProject
Global
	GlobalSection(SolutionConfigurationPlatforms) = preSolution
		Debug|Any CPU = Debug|Any CPU
		Release|Any CPU = Release|Any CPU
	EndGlobalSection
	GlobalSection(ProjectConfigurationPlatforms) = postSolution
		{2AC7A39B-FDA3-458F-B62D-12486DA78EE0}.Debug|Any CPU.ActiveCfg = Debug|Any CPU
		{2AC7A39B-FDA3-458F-B62D-12486DA78EE0}.Debug|Any CPU.Build.0 = Debug|Any CPU
		{2AC7A39B-FDA3-458F-B62D-12486DA78EE0}.Release|Any CPU.ActiveCfg = Release|Any CPU
		{2AC7A39B-FDA3-458F-B62D-12486DA78EE0}.Release|Any CPU.Build.0 = Release|Any CPU
	EndGlobalSection
	GlobalSection(SolutionProperties) = preSolution
		HideSolutionNode = FALSE
	EndGlobalSection
	GlobalSection(ExtensibilityGlobals) = postSolution
		SolutionGuid = {8AA929AE-110C-464B-BF59-CA2DB96E0217}
	EndGlobalSection
EndGlobal
